
Microsoft Visual Studio Solution File, Format Version 12.00
Project("{FAE04EC0-301F-11D3-BF4B-00C04F79EFBC}") = "DevHabitApi", "DevHabitApi\DevHabitApi.csproj", "{81EEDB53-D5EA-4F77-9F9B-98394265674F}"
EndProject
Global
	GlobalSection(SolutionConfigurationPlatforms) = preSolution
		Debug|Any CPU = Debug|Any CPU
		Release|Any CPU = Release|Any CPU
	EndGlobalSection
	GlobalSection(ProjectConfigurationPlatforms) = postSolution
		{81EEDB53-D5EA-4F77-9F9B-98394265674F}.Debug|Any CPU.ActiveCfg = Debug|Any CPU
		{81EEDB53-D5EA-4F77-9F9B-98394265674F}.Debug|Any CPU.Build.0 = Debug|Any CPU
		{81EEDB53-D5EA-4F77-9F9B-98394265674F}.Release|Any CPU.ActiveCfg = Release|Any CPU
		{81EEDB53-D5EA-4F77-9F9B-98394265674F}.Release|Any CPU.Build.0 = Release|Any CPU
	EndGlobalSection
EndGlobal
